Microsoft Visual Studio Solution File, Format Version 11.00
# Visual Studio 2008

Project("{50013649-3728-25DC-F1E0-FAA97829FB53}") = "Astatrium", "Assembly-CSharp.csproj", "{97522A17-813D-692A-1B62-D5AA71177423}"
EndProject
Global
	GlobalSection(SolutionConfigurationPlatforms) = preSolution
		Debug|Any CPU = Debug|Any CPU
		Release|Any CPU = Release|Any CPU
	EndGlobalSection
	GlobalSection(ProjectConfigurationPlatforms) = postSolution
		{97522A17-813D-692A-1B62-D5AA71177423}.Debug|Any CPU.ActiveCfg = Debug|Any CPU
		{97522A17-813D-692A-1B62-D5AA71177423}.Debug|Any CPU.Build.0 = Debug|Any CPU
		{97522A17-813D-692A-1B62-D5AA71177423}.Release|Any CPU.ActiveCfg = Release|Any CPU
		{97522A17-813D-692A-1B62-D5AA71177423}.Release|Any CPU.Build.0 = Release|Any CPU
	EndGlobalSection
	GlobalSection(SolutionProperties) = preSolution
		HideSolutionNode = FALSE
	EndGlobalSection
	GlobalSection(MonoDevelopProperties) = preSolution
		StartupItem = Assembly-CSharp.csproj
	EndGlobalSection
EndGlobal
